# This file is automatically @generated by Cargo.
# It is not intended for manual editing.
version = 4

[[package]]
name = "alpm"
version = "4.0.3"
source = "registry+https://github.com/rust-lang/crates.io-index"
checksum = "e7af97d07874ead330d0d636e0953bfdb05973010bbf0ed996a600c283bcd05c"
dependencies = [
 "alpm-sys",
 "bitflags",
]

[[package]]
name = "alpm-sys"
version = "4.0.3"
source = "registry+https://github.com/rust-lang/crates.io-index"
checksum = "b380d61cb56db2db0fc88072b77e760a107691521ac83012379d97d6d6e6f7ac"
dependencies = [
 "pkg-config",
]

[[package]]
name = "bitflags"
version = "2.9.4"
source = "registry+https://github.com/rust-lang/crates.io-index"
checksum = "2261d10cca569e4643e526d8dc2e62e433cc8aba21ab764233731f8d369bf394"

[[package]]
name = "pacgraph"
version = "0.1.0"
dependencies = [
 "alpm",
]

[[package]]
name = "pkg-config"
version = "0.3.32"
source = "registry+https://github.com/rust-lang/crates.io-index"
checksum = "7edddbd0b52d732b21ad9a5fab5c704c14cd949e5e9a1ec5929a24fded1b904c"
